
Microsoft Visual Studio Solution File, Format Version 12.00
# Visual Studio Express 2012 for Web
Project("{FAE04EC0-301F-11D3-BF4B-00C04F79EFBC}") = "ChatMini", "ChatMini\ChatMini.csproj", "{C6CBDB7E-2027-4936-9061-6905567E4583}"
EndProject
Global
	GlobalSection(SolutionConfigurationPlatforms) = preSolution
		Debug|Any CPU = Debug|Any CPU
		Release|Any CPU = Release|Any CPU
	EndGlobalSection
	GlobalSection(ProjectConfigurationPlatforms) = postSolution
		{C6CBDB7E-2027-4936-9061-6905567E4583}.Debug|Any CPU.ActiveCfg = Debug|Any CPU
		{C6CBDB7E-2027-4936-9061-6905567E4583}.Debug|Any CPU.Build.0 = Debug|Any CPU
		{C6CBDB7E-2027-4936-9061-6905567E4583}.Release|Any CPU.ActiveCfg = Release|Any CPU
		{C6CBDB7E-2027-4936-9061-6905567E4583}.Release|Any CPU.Build.0 = Release|Any CPU
	EndGlobalSection
	GlobalSection(SolutionProperties) = preSolution
		HideSolutionNode = FALSE
	EndGlobalSection
EndGlobal
